
Microsoft Visual Studio Solution File, Format Version 12.00
# Visual Studio Version 17
VisualStudioVersion = 17.5.002.0
MinimumVisualStudioVersion = 10.0.40219.1
Project("{9A19103F-16F7-4668-BE54-9A1E7A4F7556}") = "Trashx", "Trashx.csproj", "{7DF6A432-1351-4238-A380-C344E2BCDBC0}"
EndProject
Global
	GlobalSection(SolutionConfigurationPlatforms) = preSolution
		Debug|Any CPU = Debug|Any CPU
		Release|Any CPU = Release|Any CPU
	EndGlobalSection
	GlobalSection(ProjectConfigurationPlatforms) = postSolution
		{7DF6A432-1351-4238-A380-C344E2BCDBC0}.Debug|Any CPU.ActiveCfg = Debug|Any CPU
		{7DF6A432-1351-4238-A380-C344E2BCDBC0}.Debug|Any CPU.Build.0 = Debug|Any CPU
		{7DF6A432-1351-4238-A380-C344E2BCDBC0}.Release|Any CPU.ActiveCfg = Release|Any CPU
		{7DF6A432-1351-4238-A380-C344E2BCDBC0}.Release|Any CPU.Build.0 = Release|Any CPU
	EndGlobalSection
	GlobalSection(SolutionProperties) = preSolution
		HideSolutionNode = FALSE
	EndGlobalSection
	GlobalSection(ExtensibilityGlobals) = postSolution
		SolutionGuid = {D663FAC4-0C5F-40F8-93E3-E9C2421860F5}
	EndGlobalSection
EndGlobal
